
Microsoft Visual Studio Solution File, Format Version 12.00
# Visual Studio 2012
Project("{FAE04EC0-301F-11D3-BF4B-00C04F79EFBC}") = "PlugInDotNet", "PlugInDotNet\PlugInDotNet.csproj", "{CBFC7E6A-E855-4796-BB7D-299D14BA8954}"
EndProject
Project("{FAE04EC0-301F-11D3-BF4B-00C04F79EFBC}") = "TestPlugInDotNet", "TestPlugInDotNet\TestPlugInDotNet.csproj", "{D1DD58D0-9F09-4686-845F-D5A8178887CD}"
EndProject
Global
	GlobalSection(SolutionConfigurationPlatforms) = preSolution
		Debug|Any CPU = Debug|Any CPU
		Release|Any CPU = Release|Any CPU
	EndGlobalSection
	GlobalSection(ProjectConfigurationPlatforms) = postSolution
		{CBFC7E6A-E855-4796-BB7D-299D14BA8954}.Debug|Any CPU.ActiveCfg = Debug|Any CPU
		{CBFC7E6A-E855-4796-BB7D-299D14BA8954}.Debug|Any CPU.Build.0 = Debug|Any CPU
		{CBFC7E6A-E855-4796-BB7D-299D14BA8954}.Release|Any CPU.ActiveCfg = Release|Any CPU
		{CBFC7E6A-E855-4796-BB7D-299D14BA8954}.Release|Any CPU.Build.0 = Release|Any CPU
		{D1DD58D0-9F09-4686-845F-D5A8178887CD}.Debug|Any CPU.ActiveCfg = Debug|Any CPU
		{D1DD58D0-9F09-4686-845F-D5A8178887CD}.Debug|Any CPU.Build.0 = Debug|Any CPU
		{D1DD58D0-9F09-4686-845F-D5A8178887CD}.Release|Any CPU.ActiveCfg = Release|Any CPU
		{D1DD58D0-9F09-4686-845F-D5A8178887CD}.Release|Any CPU.Build.0 = Release|Any CPU
	EndGlobalSection
	GlobalSection(SolutionProperties) = preSolution
		HideSolutionNode = FALSE
	EndGlobalSection
EndGlobal
